// !$*UTF8*$!
{
	archiveVersion = 1;
	classes = {
	};
	objectVersion = 50;
	objects = {

/* Begin PBXBuildFile section */
		675DE70326F6208D00B01F8C /* AppDelegate.swift in Sources */ = {isa = PBXBuildFile; fileRef = 675DE70226F6208D00B01F8C /* AppDelegate.swift */; };
		675DE70C26F6209000B01F8C /* Assets.xcassets in Resources */ = {isa = PBXBuildFile; fileRef = 675DE70B26F6209000B01F8C /* Assets.xcassets */; };
		675DE70F26F6209000B01F8C /* LaunchScreen.storyboard in Resources */ = {isa = PBXBuildFile; fileRef = 675DE70D26F6209000B01F8C /* LaunchScreen.storyboard */; };
		675DE71D26F624DD00B01F8C /* AlbumViewController.swift in Sources */ = {isa = PBXBuildFile; fileRef = 675DE71C26F624DD00B01F8C /* AlbumViewController.swift */; };
		675DE72026F6287200B01F8C /* HistoryViewController.swift in Sources */ = {isa = PBXBuildFile; fileRef = 675DE71F26F6287200B01F8C /* HistoryViewController.swift */; };
		6794B94C26F7910F00382F71 /* NetworkManager.swift in Sources */ = {isa = PBXBuildFile; fileRef = 6794B94B26F7910F00382F71 /* NetworkManager.swift */; };
		6794B94F26F7918600382F71 /* SearchResponse.swift in Sources */ = {isa = PBXBuildFile; fileRef = 6794B94E26F7918600382F71 /* SearchResponse.swift */; };
		6794B95C26F7962600382F71 /* AlbumCell.swift in Sources */ = {isa = PBXBuildFile; fileRef = 6794B95B26F7962600382F71 /* AlbumCell.swift */; };
		6794B95F26F7965100382F71 /* ImageViewManager.swift in Sources */ = {isa = PBXBuildFile; fileRef = 6794B95E26F7965100382F71 /* ImageViewManager.swift */; };
		6794B96226F7ACB900382F71 /* DetailAlbumViewController.swift in Sources */ = {isa = PBXBuildFile; fileRef = 6794B96126F7ACB900382F71 /* DetailAlbumViewController.swift */; };
/* End PBXBuildFile section */

/* Begin PBXFileReference section */
		675DE6FF26F6208D00B01F8C /* AlbumFinder.app */ = {isa = PBXFileReference; explicitFileType = wrapper.application; includeInIndex = 0; path = AlbumFinder.app; sourceTree = BUILT_PRODUCTS_DIR; };
		675DE70226F6208D00B01F8C /* AppDelegate.swift */ = {isa = PBXFileReference; lastKnownFileType = sourcecode.swift; path = AppDelegate.swift; sourceTree = "<group>"; };
		675DE70B26F6209000B01F8C /* Assets.xcassets */ = {isa = PBXFileReference; lastKnownFileType = folder.assetcatalog; path = Assets.xcassets; sourceTree = "<group>"; };
		675DE70E26F6209000B01F8C /* Base */ = {isa = PBXFileReference; lastKnownFileType = file.storyboard; name = Base; path = Base.lproj/LaunchScreen.storyboard; sourceTree = "<group>"; };
		675DE71026F6209000B01F8C /* Info.plist */ = {isa = PBXFileReference; lastKnownFileType = text.plist.xml; path = Info.plist; sourceTree = "<group>"; };
		675DE71C26F624DD00B01F8C /* AlbumViewController.swift */ = {isa = PBXFileReference; lastKnownFileType = sourcecode.swift; path = AlbumViewController.swift; sourceTree = "<group>"; };
		675DE71F26F6287200B01F8C /* HistoryViewController.swift */ = {isa = PBXFileReference; lastKnownFileType = sourcecode.swift; path = HistoryViewController.swift; sourceTree = "<group>"; };
		6794B94B26F7910F00382F71 /* NetworkManager.swift */ = {isa = PBXFileReference; lastKnownFileType = sourcecode.swift; path = NetworkManager.swift; sourceTree = "<group>"; };
		6794B94E26F7918600382F71 /* SearchResponse.swift */ = {isa = PBXFileReference; lastKnownFileType = sourcecode.swift; path = SearchResponse.swift; sourceTree = "<group>"; };
		6794B95B26F7962600382F71 /* AlbumCell.swift */ = {isa = PBXFileReference; lastKnownFileType = sourcecode.swift; path = AlbumCell.swift; sourceTree = "<group>"; };
		6794B95E26F7965100382F71 /* ImageViewManager.swift */ = {isa = PBXFileReference; lastKnownFileType = sourcecode.swift; path = ImageViewManager.swift; sourceTree = "<group>"; };
		6794B96126F7ACB900382F71 /* DetailAlbumViewController.swift */ = {isa = PBXFileReference; lastKnownFileType = sourcecode.swift; path = DetailAlbumViewController.swift; sourceTree = "<group>"; };
/* End PBXFileReference section */

/* Begin PBXFrameworksBuildPhase section */
		675DE6FC26F6208D00B01F8C /* Frameworks */ = {
			isa = PBXFrameworksBuildPhase;
			buildActionMask = 2147483647;
			files = (
			);
			runOnlyForDeploymentPostprocessing = 0;
		};
/* End PBXFrameworksBuildPhase section */

/* Begin PBXGroup section */
		675DE6F626F6208D00B01F8C = {
			isa = PBXGroup;
			children = (
				675DE70126F6208D00B01F8C /* AlbumFinder */,
				675DE70026F6208D00B01F8C /* Products */,
			);
			sourceTree = "<group>";
		};
		675DE70026F6208D00B01F8C /* Products */ = {
			isa = PBXGroup;
			children = (
				675DE6FF26F6208D00B01F8C /* AlbumFinder.app */,
			);
			name = Products;
			sourceTree = "<group>";
		};
		675DE70126F6208D00B01F8C /* AlbumFinder */ = {
			isa = PBXGroup;
			children = (
				6794B95126F791CD00382F71 /* Supporting Files */,
				6794B95326F791DF00382F71 /* View Controllers */,
				6794B95526F791ED00382F71 /* Services */,
				6794B95726F7920000382F71 /* Models */,
				6794B95926F7920900382F71 /* Resourses */,
				675DE70D26F6209000B01F8C /* LaunchScreen.storyboard */,
			);
			path = AlbumFinder;
			sourceTree = "<group>";
		};
		6794B95126F791CD00382F71 /* Supporting Files */ = {
			isa = PBXGroup;
			children = (
				675DE70226F6208D00B01F8C /* AppDelegate.swift */,
				675DE71026F6209000B01F8C /* Info.plist */,
			);
			path = "Supporting Files";
			sourceTree = "<group>";
		};
		6794B95326F791DF00382F71 /* View Controllers */ = {
			isa = PBXGroup;
			children = (
				675DE71C26F624DD00B01F8C /* AlbumViewController.swift */,
				6794B96126F7ACB900382F71 /* DetailAlbumViewController.swift */,
				675DE71F26F6287200B01F8C /* HistoryViewController.swift */,
				6794B95B26F7962600382F71 /* AlbumCell.swift */,
			);
			path = "View Controllers";
			sourceTree = "<group>";
		};
		6794B95526F791ED00382F71 /* Services */ = {
			isa = PBXGroup;
			children = (
				6794B94B26F7910F00382F71 /* NetworkManager.swift */,
				6794B95E26F7965100382F71 /* ImageViewManager.swift */,
			);
			path = Services;
			sourceTree = "<group>";
		};
		6794B95726F7920000382F71 /* Models */ = {
			isa = PBXGroup;
			children = (
				6794B94E26F7918600382F71 /* SearchResponse.swift */,
			);
			path = Models;
			sourceTree = "<group>";
		};
		6794B95926F7920900382F71 /* Resourses */ = {
			isa = PBXGroup;
			children = (
				675DE70B26F6209000B01F8C /* Assets.xcassets */,
			);
			path = Resourses;
			sourceTree = "<group>";
		};
/* End PBXGroup section */

/* Begin PBXNativeTarget section */
		675DE6FE26F6208D00B01F8C /* AlbumFinder */ = {
			isa = PBXNativeTarget;
			buildConfigurationList = 675DE71326F6209000B01F8C /* Build configuration list for PBXNativeTarget "AlbumFinder" */;
			buildPhases = (
				675DE6FB26F6208D00B01F8C /* Sources */,
				675DE6FC26F6208D00B01F8C /* Frameworks */,
				675DE6FD26F6208D00B01F8C /* Resources */,
			);
			buildRules = (
			);
			dependencies = (
			);
			name = AlbumFinder;
			productName = AlbumFinder;
			productReference = 675DE6FF26F6208D00B01F8C /* AlbumFinder.app */;
			productType = "com.apple.product-type.application";
		};
/* End PBXNativeTarget section */

/* Begin PBXProject section */
		675DE6F726F6208D00B01F8C /* Project object */ = {
			isa = PBXProject;
			attributes = {
				LastSwiftUpdateCheck = 1240;
				LastUpgradeCheck = 1240;
				TargetAttributes = {
					675DE6FE26F6208D00B01F8C = {
						CreatedOnToolsVersion = 12.4;
					};
				};
			};
			buildConfigurationList = 675DE6FA26F6208D00B01F8C /* Build configuration list for PBXProject "AlbumFinder" */;
			compatibilityVersion = "Xcode 9.3";
			developmentRegion = en;
			hasScannedForEncodings = 0;
			knownRegions = (
				en,
				Base,
			);
			mainGroup = 675DE6F626F6208D00B01F8C;
			productRefGroup = 675DE70026F6208D00B01F8C /* Products */;
			projectDirPath = "";
			projectRoot = "";
			targets = (
				675DE6FE26F6208D00B01F8C /* AlbumFinder */,
			);
		};
/* End PBXProject section */

/* Begin PBXResourcesBuildPhase section */
		675DE6FD26F6208D00B01F8C /* Resources */ = {
			isa = PBXResourcesBuildPhase;
			buildActionMask = 2147483647;
			files = (
				675DE70F26F6209000B01F8C /* LaunchScreen.storyboard in Resources */,
				675DE70C26F6209000B01F8C /* Assets.xcassets in Resources */,
			);
			runOnlyForDeploymentPostprocessing = 0;
		};
/* End PBXResourcesBuildPhase section */

/* Begin PBXSourcesBuildPhase section */
		675DE6FB26F6208D00B01F8C /* Sources */ = {
			isa = PBXSourcesBuildPhase;
			buildActionMask = 2147483647;
			files = (
				6794B95F26F7965100382F71 /* ImageViewManager.swift in Sources */,
				6794B94C26F7910F00382F71 /* NetworkManager.swift in Sources */,
				6794B94F26F7918600382F71 /* SearchResponse.swift in Sources */,
				675DE72026F6287200B01F8C /* HistoryViewController.swift in Sources */,
				675DE71D26F624DD00B01F8C /* AlbumViewController.swift in Sources */,
				6794B96226F7ACB900382F71 /* DetailAlbumViewController.swift in Sources */,
				675DE70326F6208D00B01F8C /* AppDelegate.swift in Sources */,
				6794B95C26F7962600382F71 /* AlbumCell.swift in Sources */,
			);
			runOnlyForDeploymentPostprocessing = 0;
		};
/* End PBXSourcesBuildPhase section */

/* Begin PBXVariantGroup section */
		675DE70D26F6209000B01F8C /* LaunchScreen.storyboard */ = {
			isa = PBXVariantGroup;
			children = (
				675DE70E26F6209000B01F8C /* Base */,
			);
			name = LaunchScreen.storyboard;
			sourceTree = "<group>";
		};
/* End PBXVariantGroup section */

/* Begin XCBuildConfiguration section */
		675DE71126F6209000B01F8C /* Debug */ = {
			isa = XCBuildConfiguration;
			buildSettings = {
				ALWAYS_SEARCH_USER_PATHS = NO;
				CLANG_ANALYZER_NONNULL = YES;
				CLANG_ANALYZER_NUMBER_OBJECT_CONVERSION = YES_AGGRESSIVE;
				CLANG_CXX_LANGUAGE_STANDARD = "gnu++14";
				CLANG_CXX_LIBRARY = "libc++";
				CLANG_ENABLE_MODULES = YES;
				CLANG_ENABLE_OBJC_ARC = YES;
				CLANG_ENABLE_OBJC_WEAK = YES;
				CLANG_WARN_BLOCK_CAPTURE_AUTORELEASING = YES;
				CLANG_WARN_BOOL_CONVERSION = YES;
				CLANG_WARN_COMMA = YES;
				CLANG_WARN_CONSTANT_CONVERSION = YES;
				CLANG_WARN_DEPRECATED_OBJC_IMPLEMENTATIONS = YES;
				CLANG_WARN_DIRECT_OBJC_ISA_USAGE = YES_ERROR;
				CLANG_WARN_DOCUMENTATION_COMMENTS = YES;
				CLANG_WARN_EMPTY_BODY = YES;
				CLANG_WARN_ENUM_CONVERSION = YES;
				CLANG_WARN_INFINITE_RECURSION = YES;
				CLANG_WARN_INT_CONVERSION = YES;
				CLANG_WARN_NON_LITERAL_NULL_CONVERSION = YES;
				CLANG_WARN_OBJC_IMPLICIT_RETAIN_SELF = YES;
				CLANG_WARN_OBJC_LITERAL_CONVERSION = YES;
				CLANG_WARN_OBJC_ROOT_CLASS = YES_ERROR;
				CLANG_WARN_QUOTED_INCLUDE_IN_FRAMEWORK_HEADER = YES;
				CLANG_WARN_RANGE_LOOP_ANALYSIS = YES;
				CLANG_WARN_STRICT_PROTOTYPES = YES;
				CLANG_WARN_SUSPICIOUS_MOVE = YES;
				CLANG_WARN_UNGUARDED_AVAILABILITY = YES_AGGRESSIVE;
				CLANG_WARN_UNREACHABLE_CODE = YES;
				CLANG_WARN__DUPLICATE_METHOD_MATCH = YES;
				COPY_PHASE_STRIP = NO;
				DEBUG_INFORMATION_FORMAT = dwarf;
				ENABLE_STRICT_OBJC_MSGSEND = YES;
				ENABLE_TESTABILITY = YES;
				GCC_C_LANGUAGE_STANDARD = gnu11;
				GCC_DYNAMIC_NO_PIC = NO;
				GCC_NO_COMMON_BLOCKS = YES;
				GCC_OPTIMIZATION_LEVEL = 0;
				GCC_PREPROCESSOR_DEFINITIONS = (
					"DEBUG=1",
					"$(inherited)",
				);
				GCC_WARN_64_TO_32_BIT_CONVERSION = YES;
				GCC_WARN_ABOUT_RETURN_TYPE = YES_ERROR;
				GCC_WARN_UNDECLARED_SELECTOR = YES;
				GCC_WARN_UNINITIALIZED_AUTOS = YES_AGGRESSIVE;
				GCC_WARN_UNUSED_FUNCTION = YES;
				GCC_WARN_UNUSED_VARIABLE = YES;
				IPHONEOS_DEPLOYMENT_TARGET = 14.4;
				MTL_ENABLE_DEBUG_INFO = INCLUDE_SOURCE;
				MTL_FAST_MATH = YES;
				ONLY_ACTIVE_ARCH = YES;
				SDKROOT = iphoneos;
				SWIFT_ACTIVE_COMPILATION_CONDITIONS = DEBUG;
				SWIFT_OPTIMIZATION_LEVEL = "-Onone";
			};
			name = Debug;
		};
		675DE71226F6209000B01F8C /* Release */ = {
			isa = XCBuildConfiguration;
			buildSettings = {
				ALWAYS_SEARCH_USER_PATHS = NO;
				CLANG_ANALYZER_NONNULL = YES;
				CLANG_ANALYZER_NUMBER_OBJECT_CONVERSION = YES_AGGRESSIVE;
				CLANG_CXX_LANGUAGE_STANDARD = "gnu++14";
				CLANG_CXX_LIBRARY = "libc++";
				CLANG_ENABLE_MODULES = YES;
				CLANG_ENABLE_OBJC_ARC = YES;
				CLANG_ENABLE_OBJC_WEAK = YES;
				CLANG_WARN_BLOCK_CAPTURE_AUTORELEASING = YES;
				CLANG_WARN_BOOL_CONVERSION = YES;
				CLANG_WARN_COMMA = YES;
				CLANG_WARN_CONSTANT_CONVERSION = YES;
				CLANG_WARN_DEPRECATED_OBJC_IMPLEMENTATIONS = YES;
				CLANG_WARN_DIRECT_OBJC_ISA_USAGE = YES_ERROR;
				CLANG_WARN_DOCUMENTATION_COMMENTS = YES;
				CLANG_WARN_EMPTY_BODY = YES;
				CLANG_WARN_ENUM_CONVERSION = YES;
				CLANG_WARN_INFINITE_RECURSION = YES;
				CLANG_WARN_INT_CONVERSION = YES;
				CLANG_WARN_NON_LITERAL_NULL_CONVERSION = YES;
				CLANG_WARN_OBJC_IMPLICIT_RETAIN_SELF = YES;
				CLANG_WARN_OBJC_LITERAL_CONVERSION = YES;
				CLANG_WARN_OBJC_ROOT_CLASS = YES_ERROR;
				CLANG_WARN_QUOTED_INCLUDE_IN_FRAMEWORK_HEADER = YES;
				CLANG_WARN_RANGE_LOOP_ANALYSIS = YES;
				CLANG_WARN_STRICT_PROTOTYPES = YES;
				CLANG_WARN_SUSPICIOUS_MOVE = YES;
				CLANG_WARN_UNGUARDED_AVAILABILITY = YES_AGGRESSIVE;
				CLANG_WARN_UNREACHABLE_CODE = YES;
				CLANG_WARN__DUPLICATE_METHOD_MATCH = YES;
				COPY_PHASE_STRIP = NO;
				DEBUG_INFORMATION_FORMAT = "dwarf-with-dsym";
				ENABLE_NS_ASSERTIONS = NO;
				ENABLE_STRICT_OBJC_MSGSEND = YES;
				GCC_C_LANGUAGE_STANDARD = gnu11;
				GCC_NO_COMMON_BLOCKS = YES;
				GCC_WARN_64_TO_32_BIT_CONVERSION = YES;
				GCC_WARN_ABOUT_RETURN_TYPE = YES_ERROR;
				GCC_WARN_UNDECLARED_SELECTOR = YES;
				GCC_WARN_UNINITIALIZED_AUTOS = YES_AGGRESSIVE;
				GCC_WARN_UNUSED_FUNCTION = YES;
				GCC_WARN_UNUSED_VARIABLE = YES;
				IPHONEOS_DEPLOYMENT_TARGET = 14.4;
				MTL_ENABLE_DEBUG_INFO = NO;
				MTL_FAST_MATH = YES;
				SDKROOT = iphoneos;
				SWIFT_COMPILATION_MODE = wholemodule;
				SWIFT_OPTIMIZATION_LEVEL = "-O";
				VALIDATE_PRODUCT = YES;
			};
			name = Release;
		};
		675DE71426F6209000B01F8C /* Debug */ = {
			isa = XCBuildConfiguration;
			buildSettings = {
				ASSETCATALOG_COMPILER_APPICON_NAME = AppIcon;
				ASSETCATALOG_COMPILER_GLOBAL_ACCENT_COLOR_NAME = AccentColor;
				CODE_SIGN_STYLE = Automatic;
				DEVELOPMENT_TEAM = D8C7N2PLY3;
				INFOPLIST_FILE = "AlbumFinder/Supporting Files/Info.plist";
				IPHONEOS_DEPLOYMENT_TARGET = 12.1;
				LD_RUNPATH_SEARCH_PATHS = (
					"$(inherited)",
					"@executable_path/Frameworks",
				);
				PRODUCT_BUNDLE_IDENTIFIER = com.albertRazhapov.AlbumFinder;
				PRODUCT_NAME = "$(TARGET_NAME)";
				SWIFT_VERSION = 5.0;
				TARGETED_DEVICE_FAMILY = 1;
			};
			name = Debug;
		};
		675DE71526F6209000B01F8C /* Release */ = {
			isa = XCBuildConfiguration;
			buildSettings = {
				ASSETCATALOG_COMPILER_APPICON_NAME = AppIcon;
				ASSETCATALOG_COMPILER_GLOBAL_ACCENT_COLOR_NAME = AccentColor;
				CODE_SIGN_STYLE = Automatic;
				DEVELOPMENT_TEAM = D8C7N2PLY3;
				INFOPLIST_FILE = "AlbumFinder/Supporting Files/Info.plist";
				IPHONEOS_DEPLOYMENT_TARGET = 12.1;
				LD_RUNPATH_SEARCH_PATHS = (
					"$(inherited)",
					"@executable_path/Frameworks",
				);
				PRODUCT_BUNDLE_IDENTIFIER = com.albertRazhapov.AlbumFinder;
				PRODUCT_NAME = "$(TARGET_NAME)";
				SWIFT_VERSION = 5.0;
				TARGETED_DEVICE_FAMILY = 1;
			};
			name = Release;
		};
/* End XCBuildConfiguration section */

/* Begin XCConfigurationList section */
		675DE6FA26F6208D00B01F8C /* Build configuration list for PBXProject "AlbumFinder" */ = {
			isa = XCConfigurationList;
			buildConfigurations = (
				675DE71126F6209000B01F8C /* Debug */,
				675DE71226F6209000B01F8C /* Release */,
			);
			defaultConfigurationIsVisible = 0;
			defaultConfigurationName = Release;
		};
		675DE71326F6209000B01F8C /* Build configuration list for PBXNativeTarget "AlbumFinder" */ = {
			isa = XCConfigurationList;
			buildConfigurations = (
				675DE71426F6209000B01F8C /* Debug */,
				675DE71526F6209000B01F8C /* Release */,
			);
			defaultConfigurationIsVisible = 0;
			defaultConfigurationName = Release;
		};
/* End XCConfigurationList section */
	};
	rootObject = 675DE6F726F6208D00B01F8C /* Project object */;
}
